
Microsoft Visual Studio Solution File, Format Version 12.00
# Visual Studio Version 16
VisualStudioVersion = 16.0.32802.440
MinimumVisualStudioVersion = 10.0.40219.1
Project("{FAE04EC0-301F-11D3-BF4B-00C04F79EFBC}") = "AppStore", "AppStore\AppStore.csproj", "{39C0B328-33C1-4F10-A3A1-F8137F091CF4}"
EndProject
Global
	GlobalSection(SolutionConfigurationPlatforms) = preSolution
		Debug|Any CPU = Debug|Any CPU
		Release|Any CPU = Release|Any CPU
	EndGlobalSection
	GlobalSection(ProjectConfigurationPlatforms) = postSolution
		{39C0B328-33C1-4F10-A3A1-F8137F091CF4}.Debug|Any CPU.ActiveCfg = Debug|Any CPU
		{39C0B328-33C1-4F10-A3A1-F8137F091CF4}.Debug|Any CPU.Build.0 = Debug|Any CPU
		{39C0B328-33C1-4F10-A3A1-F8137F091CF4}.Release|Any CPU.ActiveCfg = Release|Any CPU
		{39C0B328-33C1-4F10-A3A1-F8137F091CF4}.Release|Any CPU.Build.0 = Release|Any CPU
	EndGlobalSection
	GlobalSection(SolutionProperties) = preSolution
		HideSolutionNode = FALSE
	EndGlobalSection
	GlobalSection(ExtensibilityGlobals) = postSolution
		SolutionGuid = {11F31625-7429-4D9E-9600-9A786B92BC2A}
	EndGlobalSection
EndGlobal
